
Microsoft Visual Studio Solution File, Format Version 12.00
# Visual Studio 2013
VisualStudioVersion = 12.0.31101.0
MinimumVisualStudioVersion = 10.0.40219.1
Project("{FAE04EC0-301F-11D3-BF4B-00C04F79EFBC}") = "pr01", "pr1\pr01.csproj", "{A4725457-B217-4F62-8FDC-29F94C667C92}"
EndProject
Project("{FAE04EC0-301F-11D3-BF4B-00C04F79EFBC}") = "pr02", "pr2\pr02.csproj", "{FD68A553-4846-49B5-9F36-5B3C14AA1796}"
EndProject
Project("{FAE04EC0-301F-11D3-BF4B-00C04F79EFBC}") = "pr03", "pr3\pr03.csproj", "{FB6D951A-45E7-4FC9-9915-8666C30D69C1}"
EndProject
Project("{FAE04EC0-301F-11D3-BF4B-00C04F79EFBC}") = "pr04", "pr4\pr04.csproj", "{2A5BC7B4-4FCD-4163-BD4E-573E9361F50F}"
EndProject
Project("{FAE04EC0-301F-11D3-BF4B-00C04F79EFBC}") = "pr05", "pr5\pr05.csproj", "{95D4DE83-1DFA-47A3-9954-96C6D4DE0AED}"
EndProject
Project("{FAE04EC0-301F-11D3-BF4B-00C04F79EFBC}") = "pr06", "pr6\pr06.csproj", "{3F92B672-3922-4812-8825-D115BA5BE114}"
EndProject
Project("{FAE04EC0-301F-11D3-BF4B-00C04F79EFBC}") = "pr07", "pr7\pr07.csproj", "{B0F1A75C-6548-4CA3-913A-BC5CE4626E7A}"
EndProject
Project("{FAE04EC0-301F-11D3-BF4B-00C04F79EFBC}") = "pr08", "pr8\pr08.csproj", "{CD955F6C-5D59-4896-A246-B8A8F91AAB31}"
EndProject
Project("{FAE04EC0-301F-11D3-BF4B-00C04F79EFBC}") = "pr09", "pr9\pr09.csproj", "{1C589124-C2CB-4862-98EB-3EE95ACA784F}"
EndProject
Project("{FAE04EC0-301F-11D3-BF4B-00C04F79EFBC}") = "pr10", "pr10\pr10.csproj", "{05D66569-9DA9-43D3-A868-572169A86897}"
EndProject
Project("{FAE04EC0-301F-11D3-BF4B-00C04F79EFBC}") = "pr11", "pr11\pr11.csproj", "{E18AD994-1D6F-4576-A1F7-2B53983BA674}"
EndProject
Project("{FAE04EC0-301F-11D3-BF4B-00C04F79EFBC}") = "pr12", "pr12\pr12.csproj", "{8E19FA0A-55C6-4F4F-8FFD-540ADA00196F}"
EndProject
Project("{FAE04EC0-301F-11D3-BF4B-00C04F79EFBC}") = "pr13", "pr13\pr13.csproj", "{7152DCDB-578A-479C-BCD6-8A783E40277B}"
EndProject
Project("{FAE04EC0-301F-11D3-BF4B-00C04F79EFBC}") = "pr14", "pr14\pr14.csproj", "{4312FCE5-26E1-4254-9303-F150A2F66820}"
EndProject
Global
	GlobalSection(SolutionConfigurationPlatforms) = preSolution
		Debug|Any CPU = Debug|Any CPU
		Release|Any CPU = Release|Any CPU
	EndGlobalSection
	GlobalSection(ProjectConfigurationPlatforms) = postSolution
		{A4725457-B217-4F62-8FDC-29F94C667C92}.Debug|Any CPU.ActiveCfg = Debug|Any CPU
		{A4725457-B217-4F62-8FDC-29F94C667C92}.Debug|Any CPU.Build.0 = Debug|Any CPU
		{A4725457-B217-4F62-8FDC-29F94C667C92}.Release|Any CPU.ActiveCfg = Release|Any CPU
		{A4725457-B217-4F62-8FDC-29F94C667C92}.Release|Any CPU.Build.0 = Release|Any CPU
		{FD68A553-4846-49B5-9F36-5B3C14AA1796}.Debug|Any CPU.ActiveCfg = Debug|Any CPU
		{FD68A553-4846-49B5-9F36-5B3C14AA1796}.Debug|Any CPU.Build.0 = Debug|Any CPU
		{FD68A553-4846-49B5-9F36-5B3C14AA1796}.Release|Any CPU.ActiveCfg = Release|Any CPU
		{FD68A553-4846-49B5-9F36-5B3C14AA1796}.Release|Any CPU.Build.0 = Release|Any CPU
		{FB6D951A-45E7-4FC9-9915-8666C30D69C1}.Debug|Any CPU.ActiveCfg = Debug|Any CPU
		{FB6D951A-45E7-4FC9-9915-8666C30D69C1}.Debug|Any CPU.Build.0 = Debug|Any CPU
		{FB6D951A-45E7-4FC9-9915-8666C30D69C1}.Release|Any CPU.ActiveCfg = Release|Any CPU
		{FB6D951A-45E7-4FC9-9915-8666C30D69C1}.Release|Any CPU.Build.0 = Release|Any CPU
		{2A5BC7B4-4FCD-4163-BD4E-573E9361F50F}.Debug|Any CPU.ActiveCfg = Debug|Any CPU
		{2A5BC7B4-4FCD-4163-BD4E-573E9361F50F}.Debug|Any CPU.Build.0 = Debug|Any CPU
		{2A5BC7B4-4FCD-4163-BD4E-573E9361F50F}.Release|Any CPU.ActiveCfg = Release|Any CPU
		{2A5BC7B4-4FCD-4163-BD4E-573E9361F50F}.Release|Any CPU.Build.0 = Release|Any CPU
		{95D4DE83-1DFA-47A3-9954-96C6D4DE0AED}.Debug|Any CPU.ActiveCfg = Debug|Any CPU
		{95D4DE83-1DFA-47A3-9954-96C6D4DE0AED}.Debug|Any CPU.Build.0 = Debug|Any CPU
		{95D4DE83-1DFA-47A3-9954-96C6D4DE0AED}.Release|Any CPU.ActiveCfg = Release|Any CPU
		{95D4DE83-1DFA-47A3-9954-96C6D4DE0AED}.Release|Any CPU.Build.0 = Release|Any CPU
		{3F92B672-3922-4812-8825-D115BA5BE114}.Debug|Any CPU.ActiveCfg = Debug|Any CPU
		{3F92B672-3922-4812-8825-D115BA5BE114}.Debug|Any CPU.Build.0 = Debug|Any CPU
		{3F92B672-3922-4812-8825-D115BA5BE114}.Release|Any CPU.ActiveCfg = Release|Any CPU
		{3F92B672-3922-4812-8825-D115BA5BE114}.Release|Any CPU.Build.0 = Release|Any CPU
		{B0F1A75C-6548-4CA3-913A-BC5CE4626E7A}.Debug|Any CPU.ActiveCfg = Debug|Any CPU
		{B0F1A75C-6548-4CA3-913A-BC5CE4626E7A}.Debug|Any CPU.Build.0 = Debug|Any CPU
		{B0F1A75C-6548-4CA3-913A-BC5CE4626E7A}.Release|Any CPU.ActiveCfg = Release|Any CPU
		{B0F1A75C-6548-4CA3-913A-BC5CE4626E7A}.Release|Any CPU.Build.0 = Release|Any CPU
		{CD955F6C-5D59-4896-A246-B8A8F91AAB31}.Debug|Any CPU.ActiveCfg = Debug|Any CPU
		{CD955F6C-5D59-4896-A246-B8A8F91AAB31}.Debug|Any CPU.Build.0 = Debug|Any CPU
		{CD955F6C-5D59-4896-A246-B8A8F91AAB31}.Release|Any CPU.ActiveCfg = Release|Any CPU
		{CD955F6C-5D59-4896-A246-B8A8F91AAB31}.Release|Any CPU.Build.0 = Release|Any CPU
		{1C589124-C2CB-4862-98EB-3EE95ACA784F}.Debug|Any CPU.ActiveCfg = Debug|Any CPU
		{1C589124-C2CB-4862-98EB-3EE95ACA784F}.Debug|Any CPU.Build.0 = Debug|Any CPU
		{1C589124-C2CB-4862-98EB-3EE95ACA784F}.Release|Any CPU.ActiveCfg = Release|Any CPU
		{1C589124-C2CB-4862-98EB-3EE95ACA784F}.Release|Any CPU.Build.0 = Release|Any CPU
		{05D66569-9DA9-43D3-A868-572169A86897}.Debug|Any CPU.ActiveCfg = Debug|Any CPU
		{05D66569-9DA9-43D3-A868-572169A86897}.Debug|Any CPU.Build.0 = Debug|Any CPU
		{05D66569-9DA9-43D3-A868-572169A86897}.Release|Any CPU.ActiveCfg = Release|Any CPU
		{05D66569-9DA9-43D3-A868-572169A86897}.Release|Any CPU.Build.0 = Release|Any CPU
		{E18AD994-1D6F-4576-A1F7-2B53983BA674}.Debug|Any CPU.ActiveCfg = Debug|Any CPU
		{E18AD994-1D6F-4576-A1F7-2B53983BA674}.Debug|Any CPU.Build.0 = Debug|Any CPU
		{E18AD994-1D6F-4576-A1F7-2B53983BA674}.Release|Any CPU.ActiveCfg = Release|Any CPU
		{E18AD994-1D6F-4576-A1F7-2B53983BA674}.Release|Any CPU.Build.0 = Release|Any CPU
		{8E19FA0A-55C6-4F4F-8FFD-540ADA00196F}.Debug|Any CPU.ActiveCfg = Debug|Any CPU
		{8E19FA0A-55C6-4F4F-8FFD-540ADA00196F}.Debug|Any CPU.Build.0 = Debug|Any CPU
		{8E19FA0A-55C6-4F4F-8FFD-540ADA00196F}.Release|Any CPU.ActiveCfg = Release|Any CPU
		{8E19FA0A-55C6-4F4F-8FFD-540ADA00196F}.Release|Any CPU.Build.0 = Release|Any CPU
		{7152DCDB-578A-479C-BCD6-8A783E40277B}.Debug|Any CPU.ActiveCfg = Debug|Any CPU
		{7152DCDB-578A-479C-BCD6-8A783E40277B}.Debug|Any CPU.Build.0 = Debug|Any CPU
		{7152DCDB-578A-479C-BCD6-8A783E40277B}.Release|Any CPU.ActiveCfg = Release|Any CPU
		{7152DCDB-578A-479C-BCD6-8A783E40277B}.Release|Any CPU.Build.0 = Release|Any CPU
		{4312FCE5-26E1-4254-9303-F150A2F66820}.Debug|Any CPU.ActiveCfg = Debug|Any CPU
		{4312FCE5-26E1-4254-9303-F150A2F66820}.Debug|Any CPU.Build.0 = Debug|Any CPU
		{4312FCE5-26E1-4254-9303-F150A2F66820}.Release|Any CPU.ActiveCfg = Release|Any CPU
		{4312FCE5-26E1-4254-9303-F150A2F66820}.Release|Any CPU.Build.0 = Release|Any CPU
	EndGlobalSection
	GlobalSection(SolutionProperties) = preSolution
		HideSolutionNode = FALSE
	EndGlobalSection
EndGlobal
