
Microsoft Visual Studio Solution File, Format Version 12.00
# Visual Studio 2013
VisualStudioVersion = 12.0.31101.0
MinimumVisualStudioVersion = 10.0.40219.1
Project("{FAE04EC0-301F-11D3-BF4B-00C04F79EFBC}") = "01FillMatrix", "01FillMatrix\01FillMatrix.csproj", "{F281CDCB-1D1B-49F8-9DB2-77509C736726}"
EndProject
Project("{FAE04EC0-301F-11D3-BF4B-00C04F79EFBC}") = "02MaximalSum", "02MaximalSum\02MaximalSum.csproj", "{1A893A21-1448-4688-8F87-E694077A95EF}"
EndProject
Project("{FAE04EC0-301F-11D3-BF4B-00C04F79EFBC}") = "03SequenceNMatrix", "03SequenceNMatrix\03SequenceNMatrix.csproj", "{752EA5D6-3D89-4015-9372-A738608DABE7}"
EndProject
Global
	GlobalSection(SolutionConfigurationPlatforms) = preSolution
		Debug|Any CPU = Debug|Any CPU
		Release|Any CPU = Release|Any CPU
	EndGlobalSection
	GlobalSection(ProjectConfigurationPlatforms) = postSolution
		{F281CDCB-1D1B-49F8-9DB2-77509C736726}.Debug|Any CPU.ActiveCfg = Debug|Any CPU
		{F281CDCB-1D1B-49F8-9DB2-77509C736726}.Debug|Any CPU.Build.0 = Debug|Any CPU
		{F281CDCB-1D1B-49F8-9DB2-77509C736726}.Release|Any CPU.ActiveCfg = Release|Any CPU
		{F281CDCB-1D1B-49F8-9DB2-77509C736726}.Release|Any CPU.Build.0 = Release|Any CPU
		{1A893A21-1448-4688-8F87-E694077A95EF}.Debug|Any CPU.ActiveCfg = Debug|Any CPU
		{1A893A21-1448-4688-8F87-E694077A95EF}.Debug|Any CPU.Build.0 = Debug|Any CPU
		{1A893A21-1448-4688-8F87-E694077A95EF}.Release|Any CPU.ActiveCfg = Release|Any CPU
		{1A893A21-1448-4688-8F87-E694077A95EF}.Release|Any CPU.Build.0 = Release|Any CPU
		{752EA5D6-3D89-4015-9372-A738608DABE7}.Debug|Any CPU.ActiveCfg = Debug|Any CPU
		{752EA5D6-3D89-4015-9372-A738608DABE7}.Debug|Any CPU.Build.0 = Debug|Any CPU
		{752EA5D6-3D89-4015-9372-A738608DABE7}.Release|Any CPU.ActiveCfg = Release|Any CPU
		{752EA5D6-3D89-4015-9372-A738608DABE7}.Release|Any CPU.Build.0 = Release|Any CPU
	EndGlobalSection
	GlobalSection(SolutionProperties) = preSolution
		HideSolutionNode = FALSE
	EndGlobalSection
EndGlobal
